
Microsoft Visual Studio Solution File, Format Version 12.00
# Visual Studio 15
VisualStudioVersion = 15.0.26730.16
MinimumVisualStudioVersion = 10.0.40219.1
Project("{8BC9CEB8-8B4A-11D0-8D11-00A0C91BC942}") = "w8", "w8.vcxproj", "{A7F05B56-598A-440F-80B3-02B13DFE71F0}"
EndProject
Global
	GlobalSection(SolutionConfigurationPlatforms) = preSolution
		Debug|x64 = Debug|x64
		Debug|x86 = Debug|x86
		Release|x64 = Release|x64
		Release|x86 = Release|x86
	EndGlobalSection
	GlobalSection(ProjectConfigurationPlatforms) = postSolution
		{A7F05B56-598A-440F-80B3-02B13DFE71F0}.Debug|x64.ActiveCfg = Debug|x64
		{A7F05B56-598A-440F-80B3-02B13DFE71F0}.Debug|x64.Build.0 = Debug|x64
		{A7F05B56-598A-440F-80B3-02B13DFE71F0}.Debug|x86.ActiveCfg = Debug|Win32
		{A7F05B56-598A-440F-80B3-02B13DFE71F0}.Debug|x86.Build.0 = Debug|Win32
		{A7F05B56-598A-440F-80B3-02B13DFE71F0}.Release|x64.ActiveCfg = Release|x64
		{A7F05B56-598A-440F-80B3-02B13DFE71F0}.Release|x64.Build.0 = Release|x64
		{A7F05B56-598A-440F-80B3-02B13DFE71F0}.Release|x86.ActiveCfg = Release|Win32
		{A7F05B56-598A-440F-80B3-02B13DFE71F0}.Release|x86.Build.0 = Release|Win32
	EndGlobalSection
	GlobalSection(SolutionProperties) = preSolution
		HideSolutionNode = FALSE
	EndGlobalSection
	GlobalSection(ExtensibilityGlobals) = postSolution
		SolutionGuid = {9A92C4C1-5400-461D-A69B-326251A21B20}
	EndGlobalSection
EndGlobal
