<?xml version="1.0" encoding="utf-8"?>
<Project ToolsVersion="4.0" xmlns="http://schemas.microsoft.com/developer/msbuild/2003">
  <ItemGroup>
    <Filter Include="Source Files">
      <UniqueIdentifier>{4FC737F1-C7A5-4376-A066-2A32D752A2FF}</UniqueIdentifier>
      <Extensions>cpp;c;cc;cxx;def;odl;idl;hpj;bat;asm;asmx</Extensions>
    </Filter>
    <Filter Include="Header Files">
      <UniqueIdentifier>{93995380-89BD-4b04-88EB-625FBE52EBFB}</UniqueIdentifier>
      <Extensions>h;hh;hpp;hxx;hm;inl;inc;xsd</Extensions>
    </Filter>
    <Filter Include="Resource Files">
      <UniqueIdentifier>{67DA6AB6-F800-4c08-8B7A-83BB121AAD01}</UniqueIdentifier>
      <Extensions>rc;ico;cur;bmp;dlg;rc2;rct;bin;rgs;gif;jpg;jpeg;jpe;resx;tiff;tif;png;wav;mfcribbon-ms</Extensions>
    </Filter>
  </ItemGroup>
  <ItemGroup>
    <Text Include="ReadMe.txt" />
  </ItemGroup>
  <ItemGroup>
    <ClCompile Include="dllmain.cpp">
      <Filter>Source Files</Filter>
    </ClCompile>
    <ClCompile Include="cheat.cpp">
      <Filter>Source Files</Filter>
    </ClCompile>
    <ClCompile Include="cmd_handler.cpp">
      <Filter>Source Files</Filter>
    </ClCompile>
    <ClCompile Include="command.cpp">
      <Filter>Source Files</Filter>
    </ClCompile>
    <ClCompile Include="feature.cpp">
      <Filter>Source Files</Filter>
    </ClCompile>
    <ClCompile Include="feature_registry.cpp">
      <Filter>Source Files</Filter>
    </ClCompile>
    <ClCompile Include="overlay.cpp">
      <Filter>Source Files</Filter>
    </ClCompile>
    <ClCompile Include="routine.cpp">
      <Filter>Source Files</Filter>
    </ClCompile>
    <ClCompile Include="stdafx.cpp">
      <Filter>Source Files</Filter>
    </ClCompile>
    <ClCompile Include="string_utils.cpp">
      <Filter>Source Files</Filter>
    </ClCompile>
    <ClCompile Include="timer.cpp">
      <Filter>Source Files</Filter>
    </ClCompile>
    <ClCompile Include="hooks.cpp">
      <Filter>Source Files</Filter>
    </ClCompile>
    <ClCompile Include="native_utils.cpp">
      <Filter>Source Files</Filter>
    </ClCompile>
    <ClCompile Include="signatures.cpp">
      <Filter>Source Files</Filter>
    </ClCompile>
    <ClCompile Include="configuration.cpp">
      <Filter>Source Files</Filter>
    </ClCompile>
    <ClCompile Include="cmd_impl.cpp">
      <Filter>Source Files</Filter>
    </ClCompile>
    <ClCompile Include="source_engine.cpp">
      <Filter>Source Files</Filter>
    </ClCompile>
    <ClCompile Include="event_manager.cpp">
      <Filter>Source Files</Filter>
    </ClCompile>
    <ClCompile Include="math_helper.cpp">
      <Filter>Source Files</Filter>
    </ClCompile>
    <ClCompile Include="se_player_wrapper.cpp">
      <Filter>Source Files</Filter>
    </ClCompile>
    <ClCompile Include="se_offset_cache.cpp">
      <Filter>Source Files</Filter>
    </ClCompile>
    <ClCompile Include="net_var_registry.cpp">
      <Filter>Source Files</Filter>
    </ClCompile>
    <ClCompile Include="se_signature_scanner.cpp">
      <Filter>Source Files</Filter>
    </ClCompile>
    <ClCompile Include="logger.cpp">
      <Filter>Source Files</Filter>
    </ClCompile>
    <ClCompile Include="basic_cmd.cpp">
      <Filter>Source Files</Filter>
    </ClCompile>
    <ClCompile Include="feature_base.cpp">
      <Filter>Source Files</Filter>
    </ClCompile>
    <ClCompile Include="basic_routine.cpp">
      <Filter>Source Files</Filter>
    </ClCompile>
    <ClCompile Include="se_utils.cpp">
      <Filter>Source Files</Filter>
    </ClCompile>
    <ClCompile Include="renderer.cpp">
      <Filter>Source Files</Filter>
    </ClCompile>
    <ClCompile Include="render_routine_test.cpp">
      <Filter>Source Files</Filter>
    </ClCompile>
    <ClCompile Include="routine_test.cpp">
      <Filter>Source Files</Filter>
    </ClCompile>
    <ClCompile Include="base_renderable.cpp">
      <Filter>Source Files</Filter>
    </ClCompile>
    <ClCompile Include="font.cpp">
      <Filter>Source Files</Filter>
    </ClCompile>
    <ClCompile Include="rcs_routine.cpp">
      <Filter>Source Files</Filter>
    </ClCompile>
    <ClCompile Include="weapon_cfg_feature.cpp">
      <Filter>Source Files</Filter>
    </ClCompile>
    <ClCompile Include="se_entity_wrapper.cpp">
      <Filter>Source Files</Filter>
    </ClCompile>
    <ClCompile Include="se_weapon.cpp">
      <Filter>Source Files</Filter>
    </ClCompile>
  </ItemGroup>
  <ItemGroup>
    <ClInclude Include="cheat.h">
      <Filter>Header Files</Filter>
    </ClInclude>
    <ClInclude Include="cmd_handler.h">
      <Filter>Header Files</Filter>
    </ClInclude>
    <ClInclude Include="command.h">
      <Filter>Header Files</Filter>
    </ClInclude>
    <ClInclude Include="feature.h">
      <Filter>Header Files</Filter>
    </ClInclude>
    <ClInclude Include="feature_registry.h">
      <Filter>Header Files</Filter>
    </ClInclude>
    <ClInclude Include="overlay.h">
      <Filter>Header Files</Filter>
    </ClInclude>
    <ClInclude Include="routine.h">
      <Filter>Header Files</Filter>
    </ClInclude>
    <ClInclude Include="stdafx.h">
      <Filter>Header Files</Filter>
    </ClInclude>
    <ClInclude Include="string_utils.h">
      <Filter>Header Files</Filter>
    </ClInclude>
    <ClInclude Include="targetver.h">
      <Filter>Header Files</Filter>
    </ClInclude>
    <ClInclude Include="timer.h">
      <Filter>Header Files</Filter>
    </ClInclude>
    <ClInclude Include="hooks.h">
      <Filter>Header Files</Filter>
    </ClInclude>
    <ClInclude Include="native_utils.h">
      <Filter>Header Files</Filter>
    </ClInclude>
    <ClInclude Include="signatures.h">
      <Filter>Header Files</Filter>
    </ClInclude>
    <ClInclude Include="cheat_def.h">
      <Filter>Header Files</Filter>
    </ClInclude>
    <ClInclude Include="configuration.h">
      <Filter>Header Files</Filter>
    </ClInclude>
    <ClInclude Include="cmd_impl.h">
      <Filter>Header Files</Filter>
    </ClInclude>
    <ClInclude Include="source_engine.h">
      <Filter>Header Files</Filter>
    </ClInclude>
    <ClInclude Include="se_client_def.h">
      <Filter>Header Files</Filter>
    </ClInclude>
    <ClInclude Include="se_dt_def.h">
      <Filter>Header Files</Filter>
    </ClInclude>
    <ClInclude Include="se_iclient_def.h">
      <Filter>Header Files</Filter>
    </ClInclude>
    <ClInclude Include="event_manager.h">
      <Filter>Header Files</Filter>
    </ClInclude>
    <ClInclude Include="se_event_impl.h">
      <Filter>Header Files</Filter>
    </ClInclude>
    <ClInclude Include="math_helper.h">
      <Filter>Header Files</Filter>
    </ClInclude>
    <ClInclude Include="se_player_wrapper.h">
      <Filter>Header Files</Filter>
    </ClInclude>
    <ClInclude Include="se_offset_cache.h">
      <Filter>Header Files</Filter>
    </ClInclude>
    <ClInclude Include="net_var_registry.h">
      <Filter>Header Files</Filter>
    </ClInclude>
    <ClInclude Include="se_signature_scanner.h">
      <Filter>Header Files</Filter>
    </ClInclude>
    <ClInclude Include="logger.h">
      <Filter>Header Files</Filter>
    </ClInclude>
    <ClInclude Include="se_render_def.h">
      <Filter>Header Files</Filter>
    </ClInclude>
    <ClInclude Include="basic_cmd.h">
      <Filter>Header Files</Filter>
    </ClInclude>
    <ClInclude Include="feature_base.h">
      <Filter>Header Files</Filter>
    </ClInclude>
    <ClInclude Include="vector2d.h">
      <Filter>Header Files</Filter>
    </ClInclude>
    <ClInclude Include="vector3d.h">
      <Filter>Header Files</Filter>
    </ClInclude>
    <ClInclude Include="basic_routine.h">
      <Filter>Header Files</Filter>
    </ClInclude>
    <ClInclude Include="se_utils.h">
      <Filter>Header Files</Filter>
    </ClInclude>
    <ClInclude Include="renderer.h">
      <Filter>Header Files</Filter>
    </ClInclude>
    <ClInclude Include="render_routine_test.h">
      <Filter>Header Files</Filter>
    </ClInclude>
    <ClInclude Include="routine_test.h">
      <Filter>Header Files</Filter>
    </ClInclude>
    <ClInclude Include="renderable.h">
      <Filter>Header Files</Filter>
    </ClInclude>
    <ClInclude Include="base_renderable.h">
      <Filter>Header Files</Filter>
    </ClInclude>
    <ClInclude Include="font.h">
      <Filter>Header Files</Filter>
    </ClInclude>
    <ClInclude Include="rcs_routine.h">
      <Filter>Header Files</Filter>
    </ClInclude>
    <ClInclude Include="weapon_cfg_feature.h">
      <Filter>Header Files</Filter>
    </ClInclude>
    <ClInclude Include="se_weapon.h">
      <Filter>Header Files</Filter>
    </ClInclude>
    <ClInclude Include="se_entity_wrapper.h">
      <Filter>Header Files</Filter>
    </ClInclude>
  </ItemGroup>
</Project>